
Microsoft Visual Studio Solution File, Format Version 12.00
# Visual Studio Version 16
VisualStudioVersion = 16.0.31229.75
MinimumVisualStudioVersion = 10.0.40219.1
Project("{2150E333-8FDC-42A3-9474-1A3956D46DE8}") = "Tests", "Tests", "{82D3E235-2878-483A-8A01-845F07A6B0BC}"
EndProject
Project("{9A19103F-16F7-4668-BE54-9A1E7A4F7556}") = "SampleApp.DataAccess", "SampleApp.Data\SampleApp.DataAccess.csproj", "{0D69F7C7-5EE8-4DB1-A14A-181763A87AF7}"
EndProject
Project("{9A19103F-16F7-4668-BE54-9A1E7A4F7556}") = "SampleApp.Service", "SampleApp.Service\SampleApp.Service.csproj", "{1B96605F-1E3D-44FA-AF16-F9C9488EF425}"
EndProject
Project("{9A19103F-16F7-4668-BE54-9A1E7A4F7556}") = "SampleApp.Api", "SampleApp.Api\SampleApp.Api.csproj", "{CB9B0701-D7B7-4B94-9FB3-53B00D1455AF}"
EndProject
Global
	GlobalSection(SolutionConfigurationPlatforms) = preSolution
		Debug|Any CPU = Debug|Any CPU
		Release|Any CPU = Release|Any CPU
	EndGlobalSection
	GlobalSection(ProjectConfigurationPlatforms) = postSolution
		{0D69F7C7-5EE8-4DB1-A14A-181763A87AF7}.Debug|Any CPU.ActiveCfg = Debug|Any CPU
		{0D69F7C7-5EE8-4DB1-A14A-181763A87AF7}.Debug|Any CPU.Build.0 = Debug|Any CPU
		{0D69F7C7-5EE8-4DB1-A14A-181763A87AF7}.Release|Any CPU.ActiveCfg = Release|Any CPU
		{0D69F7C7-5EE8-4DB1-A14A-181763A87AF7}.Release|Any CPU.Build.0 = Release|Any CPU
		{1B96605F-1E3D-44FA-AF16-F9C9488EF425}.Debug|Any CPU.ActiveCfg = Debug|Any CPU
		{1B96605F-1E3D-44FA-AF16-F9C9488EF425}.Debug|Any CPU.Build.0 = Debug|Any CPU
		{1B96605F-1E3D-44FA-AF16-F9C9488EF425}.Release|Any CPU.ActiveCfg = Release|Any CPU
		{1B96605F-1E3D-44FA-AF16-F9C9488EF425}.Release|Any CPU.Build.0 = Release|Any CPU
		{CB9B0701-D7B7-4B94-9FB3-53B00D1455AF}.Debug|Any CPU.ActiveCfg = Debug|Any CPU
		{CB9B0701-D7B7-4B94-9FB3-53B00D1455AF}.Debug|Any CPU.Build.0 = Debug|Any CPU
		{CB9B0701-D7B7-4B94-9FB3-53B00D1455AF}.Release|Any CPU.ActiveCfg = Release|Any CPU
		{CB9B0701-D7B7-4B94-9FB3-53B00D1455AF}.Release|Any CPU.Build.0 = Release|Any CPU
	EndGlobalSection
	GlobalSection(SolutionProperties) = preSolution
		HideSolutionNode = FALSE
	EndGlobalSection
	GlobalSection(ExtensibilityGlobals) = postSolution
		SolutionGuid = {B1AD6B79-3A52-4ED8-8739-D35960BAC917}
	EndGlobalSection
EndGlobal
